{
  "object": {
    "pins": [
      {
        "package": "SwiftFormat",
        "repositoryURL": "https://github.com/nicklockwood/SwiftFormat",
        "state": {
          "branch": null,
          "revision": "fab94f3ca17f0f75e87787ed83b3a9423348b14c",
          "version": "0.49.1"
        }
      }
    ]
  },
  "version": 1
}
